dependencies:
  acorn: 8.0.4
  periscopic: 2.0.3
lockfileVersion: 5.2
packages:
  /@types/estree/0.0.45:
    dev: false
    resolution:
      integrity: sha512-jnqIUKDUqJbDIUxm0Uj7bnlMnRm1T/eZ9N+AVMqhPgzrba2GhGG5o/jCTwmdPK709nEZsGoMzXEDUjcXHa3W0g==
  /acorn/8.0.4:
    dev: false
    engines:
      node: '>=0.4.0'
    hasBin: true
    resolution:
      integrity: sha512-XNP0PqF1XD19ZlLKvB7cMmnZswW4C/03pRHgirB30uSJTaS3A3V1/P4sS3HPvFmjoriPCJQs+JDSbm4bL1TxGQ==
  /estree-walker/2.0.2:
    dev: false
    resolution:
      integrity: sha512-Rfkk/Mp/DL7JVje3u18FxFujQlTNR2q6QfMSMB7AvCBx91NGj/ba3kCfza0f6dVDbw7YlRf/nDrn7pQrCCyQ/w==
  /is-reference/1.2.1:
    dependencies:
      '@types/estree': 0.0.45
    dev: false
    resolution:
      integrity: sha512-U82MsXXiFIrjCK4otLT+o2NA2Cd2g5MLoOVXUZjIOhLurrRxpEXzI8O0KZHr3IjLvlAH1kTPYSuqer5T9ZVBKQ==
  /periscopic/2.0.3:
    dependencies:
      estree-walker: 2.0.2
      is-reference: 1.2.1
    dev: false
    resolution:
      integrity: sha512-FuCZe61mWxQOJAQFEfmt9FjzebRlcpFz8sFPbyaCKtdusPkMEbA9ey0eARnRav5zAhmXznhaQkKGFAPn7X9NUw==
specifiers:
  acorn: ^8.0.4
  periscopic: ^2.0.3
